
Microsoft Visual Studio Solution File, Format Version 12.00
# Visual Studio Version 17
VisualStudioVersion = 17.5.002.0
MinimumVisualStudioVersion = 10.0.40219.1
Project("{2150E333-8FDC-42A3-9474-1A3956D46DE8}") = "csharp-prep", "csharp-prep", "{FAF2861E-5010-4AE1-92F2-7FD117564150}"
EndProject
Project("{9A19103F-16F7-4668-BE54-9A1E7A4F7556}") = "Prep1", "csharp-prep\Prep1\Prep1.csproj", "{3E2A521B-0429-49B7-ADAB-411E25434BAD}"
EndProject
Project("{9A19103F-16F7-4668-BE54-9A1E7A4F7556}") = "Prep2", "csharp-prep\Prep2\Prep2.csproj", "{7B37BC5B-4A04-466C-8F56-20236F43FFFA}"
EndProject
Project("{9A19103F-16F7-4668-BE54-9A1E7A4F7556}") = "Prep3", "csharp-prep\Prep3\Prep3.csproj", "{0B8D3A0E-8F8A-498C-A620-86BBAF916AA7}"
EndProject
Project("{9A19103F-16F7-4668-BE54-9A1E7A4F7556}") = "Prep4", "csharp-prep\Prep4\Prep4.csproj", "{9B295A06-D56A-446A-9B78-8D973E08D6DC}"
EndProject
Project("{9A19103F-16F7-4668-BE54-9A1E7A4F7556}") = "Prep5", "csharp-prep\Prep5\Prep5.csproj", "{C3F7A1E7-071F-4F90-8961-C39A96A11C42}"
EndProject
Project("{2150E333-8FDC-42A3-9474-1A3956D46DE8}") = "final", "final", "{87FCEDEE-7CC0-4E97-A56B-12AD9AB8FD0D}"
EndProject
Project("{9A19103F-16F7-4668-BE54-9A1E7A4F7556}") = "FinalProject", "final\FinalProject\FinalProject.csproj", "{3EDC1FF4-BFD0-4B27-ADDA-3109B831AAD0}"
EndProject
Project("{9A19103F-16F7-4668-BE54-9A1E7A4F7556}") = "Foundation1", "final\Foundation1\Foundation1.csproj", "{32331EE8-6CBE-4DCA-8987-5C20D1B618A3}"
EndProject
Project("{9A19103F-16F7-4668-BE54-9A1E7A4F7556}") = "Foundation2", "final\Foundation2\Foundation2.csproj", "{C33C36F6-4718-4785-A10C-9C588036B680}"
EndProject
Project("{9A19103F-16F7-4668-BE54-9A1E7A4F7556}") = "Foundation3", "final\Foundation3\Foundation3.csproj", "{9A40C81E-ABCB-4301-88B8-482300812AF6}"
EndProject
Project("{9A19103F-16F7-4668-BE54-9A1E7A4F7556}") = "Foundation4", "final\Foundation4\Foundation4.csproj", "{DF5B56C3-8710-4632-86D4-0F96B4A3D954}"
EndProject
Project("{2150E333-8FDC-42A3-9474-1A3956D46DE8}") = "prepare", "prepare", "{E3F373DC-CDD7-48E6-967E-6EB29B653BFF}"
EndProject
Project("{9A19103F-16F7-4668-BE54-9A1E7A4F7556}") = "Learning02", "prepare\Learning02\Learning02.csproj", "{21BF95AF-DAC9-45D6-A460-700996C9FC0E}"
EndProject
Project("{9A19103F-16F7-4668-BE54-9A1E7A4F7556}") = "Learning03", "prepare\Learning03\Learning03.csproj", "{99D03AC7-DD8E-4E43-B74A-D90A0218C609}"
EndProject
Project("{9A19103F-16F7-4668-BE54-9A1E7A4F7556}") = "Learning04", "prepare\Learning04\Learning04.csproj", "{066F226C-9ADE-4C93-B2A7-773ECB1EBBAE}"
EndProject
Project("{9A19103F-16F7-4668-BE54-9A1E7A4F7556}") = "Learning05", "prepare\Learning05\Learning05.csproj", "{495A6ED0-F52F-4D4E-82E1-71C9A2313575}"
EndProject
Project("{2150E333-8FDC-42A3-9474-1A3956D46DE8}") = "prove", "prove", "{7CDB6B9A-2696-4745-BFDD-24F78DD9C057}"
EndProject
Project("{9A19103F-16F7-4668-BE54-9A1E7A4F7556}") = "Develop02", "prove\Develop02\Develop02.csproj", "{C4E96F0C-F722-45F3-A7A0-149C43751D13}"
EndProject
Project("{9A19103F-16F7-4668-BE54-9A1E7A4F7556}") = "Develop03", "prove\Develop03\Develop03.csproj", "{BCA6C2B6-919F-4F04-B5A5-538FFC93DE20}"
EndProject
Project("{9A19103F-16F7-4668-BE54-9A1E7A4F7556}") = "Develop04", "prove\Develop04\Develop04.csproj", "{F2E24593-2E2E-4C05-92E2-3D0164B61A49}"
EndProject
Project("{9A19103F-16F7-4668-BE54-9A1E7A4F7556}") = "Develop05", "prove\Develop05\Develop05.csproj", "{F2EB9352-939D-4427-9C60-E69772CDFF41}"
EndProject
Project("{2150E333-8FDC-42A3-9474-1A3956D46DE8}") = "sandbox", "sandbox", "{23AF4F23-B5B0-4C11-8ED9-D9584867D01F}"
EndProject
Project("{9A19103F-16F7-4668-BE54-9A1E7A4F7556}") = "Sandbox", "sandbox\Sandbox\Sandbox.csproj", "{669D7DE2-4DFD-405D-8C5B-CF9F1FC5C052}"
EndProject
Global
	GlobalSection(SolutionConfigurationPlatforms) = preSolution
		Debug|Any CPU = Debug|Any CPU
		Release|Any CPU = Release|Any CPU
	EndGlobalSection
	GlobalSection(ProjectConfigurationPlatforms) = postSolution
		{3E2A521B-0429-49B7-ADAB-411E25434BAD}.Debug|Any CPU.ActiveCfg = Debug|Any CPU
		{3E2A521B-0429-49B7-ADAB-411E25434BAD}.Debug|Any CPU.Build.0 = Debug|Any CPU
		{3E2A521B-0429-49B7-ADAB-411E25434BAD}.Release|Any CPU.ActiveCfg = Release|Any CPU
		{3E2A521B-0429-49B7-ADAB-411E25434BAD}.Release|Any CPU.Build.0 = Release|Any CPU
		{7B37BC5B-4A04-466C-8F56-20236F43FFFA}.Debug|Any CPU.ActiveCfg = Debug|Any CPU
		{7B37BC5B-4A04-466C-8F56-20236F43FFFA}.Debug|Any CPU.Build.0 = Debug|Any CPU
		{7B37BC5B-4A04-466C-8F56-20236F43FFFA}.Release|Any CPU.ActiveCfg = Release|Any CPU
		{7B37BC5B-4A04-466C-8F56-20236F43FFFA}.Release|Any CPU.Build.0 = Release|Any CPU
		{0B8D3A0E-8F8A-498C-A620-86BBAF916AA7}.Debug|Any CPU.ActiveCfg = Debug|Any CPU
		{0B8D3A0E-8F8A-498C-A620-86BBAF916AA7}.Debug|Any CPU.Build.0 = Debug|Any CPU
		{0B8D3A0E-8F8A-498C-A620-86BBAF916AA7}.Release|Any CPU.ActiveCfg = Release|Any CPU
		{0B8D3A0E-8F8A-498C-A620-86BBAF916AA7}.Release|Any CPU.Build.0 = Release|Any CPU
		{9B295A06-D56A-446A-9B78-8D973E08D6DC}.Debug|Any CPU.ActiveCfg = Debug|Any CPU
		{9B295A06-D56A-446A-9B78-8D973E08D6DC}.Debug|Any CPU.Build.0 = Debug|Any CPU
		{9B295A06-D56A-446A-9B78-8D973E08D6DC}.Release|Any CPU.ActiveCfg = Release|Any CPU
		{9B295A06-D56A-446A-9B78-8D973E08D6DC}.Release|Any CPU.Build.0 = Release|Any CPU
		{C3F7A1E7-071F-4F90-8961-C39A96A11C42}.Debug|Any CPU.ActiveCfg = Debug|Any CPU
		{C3F7A1E7-071F-4F90-8961-C39A96A11C42}.Debug|Any CPU.Build.0 = Debug|Any CPU
		{C3F7A1E7-071F-4F90-8961-C39A96A11C42}.Release|Any CPU.ActiveCfg = Release|Any CPU
		{C3F7A1E7-071F-4F90-8961-C39A96A11C42}.Release|Any CPU.Build.0 = Release|Any CPU
		{3EDC1FF4-BFD0-4B27-ADDA-3109B831AAD0}.Debug|Any CPU.ActiveCfg = Debug|Any CPU
		{3EDC1FF4-BFD0-4B27-ADDA-3109B831AAD0}.Debug|Any CPU.Build.0 = Debug|Any CPU
		{3EDC1FF4-BFD0-4B27-ADDA-3109B831AAD0}.Release|Any CPU.ActiveCfg = Release|Any CPU
		{3EDC1FF4-BFD0-4B27-ADDA-3109B831AAD0}.Release|Any CPU.Build.0 = Release|Any CPU
		{32331EE8-6CBE-4DCA-8987-5C20D1B618A3}.Debug|Any CPU.ActiveCfg = Debug|Any CPU
		{32331EE8-6CBE-4DCA-8987-5C20D1B618A3}.Debug|Any CPU.Build.0 = Debug|Any CPU
		{32331EE8-6CBE-4DCA-8987-5C20D1B618A3}.Release|Any CPU.ActiveCfg = Release|Any CPU
		{32331EE8-6CBE-4DCA-8987-5C20D1B618A3}.Release|Any CPU.Build.0 = Release|Any CPU
		{C33C36F6-4718-4785-A10C-9C588036B680}.Debug|Any CPU.ActiveCfg = Debug|Any CPU
		{C33C36F6-4718-4785-A10C-9C588036B680}.Debug|Any CPU.Build.0 = Debug|Any CPU
		{C33C36F6-4718-4785-A10C-9C588036B680}.Release|Any CPU.ActiveCfg = Release|Any CPU
		{C33C36F6-4718-4785-A10C-9C588036B680}.Release|Any CPU.Build.0 = Release|Any CPU
		{9A40C81E-ABCB-4301-88B8-482300812AF6}.Debug|Any CPU.ActiveCfg = Debug|Any CPU
		{9A40C81E-ABCB-4301-88B8-482300812AF6}.Debug|Any CPU.Build.0 = Debug|Any CPU
		{9A40C81E-ABCB-4301-88B8-482300812AF6}.Release|Any CPU.ActiveCfg = Release|Any CPU
		{9A40C81E-ABCB-4301-88B8-482300812AF6}.Release|Any CPU.Build.0 = Release|Any CPU
		{DF5B56C3-8710-4632-86D4-0F96B4A3D954}.Debug|Any CPU.ActiveCfg = Debug|Any CPU
		{DF5B56C3-8710-4632-86D4-0F96B4A3D954}.Debug|Any CPU.Build.0 = Debug|Any CPU
		{DF5B56C3-8710-4632-86D4-0F96B4A3D954}.Release|Any CPU.ActiveCfg = Release|Any CPU
		{DF5B56C3-8710-4632-86D4-0F96B4A3D954}.Release|Any CPU.Build.0 = Release|Any CPU
		{21BF95AF-DAC9-45D6-A460-700996C9FC0E}.Debug|Any CPU.ActiveCfg = Debug|Any CPU
		{21BF95AF-DAC9-45D6-A460-700996C9FC0E}.Debug|Any CPU.Build.0 = Debug|Any CPU
		{21BF95AF-DAC9-45D6-A460-700996C9FC0E}.Release|Any CPU.ActiveCfg = Release|Any CPU
		{21BF95AF-DAC9-45D6-A460-700996C9FC0E}.Release|Any CPU.Build.0 = Release|Any CPU
		{99D03AC7-DD8E-4E43-B74A-D90A0218C609}.Debug|Any CPU.ActiveCfg = Debug|Any CPU
		{99D03AC7-DD8E-4E43-B74A-D90A0218C609}.Debug|Any CPU.Build.0 = Debug|Any CPU
		{99D03AC7-DD8E-4E43-B74A-D90A0218C609}.Release|Any CPU.ActiveCfg = Release|Any CPU
		{99D03AC7-DD8E-4E43-B74A-D90A0218C609}.Release|Any CPU.Build.0 = Release|Any CPU
		{066F226C-9ADE-4C93-B2A7-773ECB1EBBAE}.Debug|Any CPU.ActiveCfg = Debug|Any CPU
		{066F226C-9ADE-4C93-B2A7-773ECB1EBBAE}.Debug|Any CPU.Build.0 = Debug|Any CPU
		{066F226C-9ADE-4C93-B2A7-773ECB1EBBAE}.Release|Any CPU.ActiveCfg = Release|Any CPU
		{066F226C-9ADE-4C93-B2A7-773ECB1EBBAE}.Release|Any CPU.Build.0 = Release|Any CPU
		{495A6ED0-F52F-4D4E-82E1-71C9A2313575}.Debug|Any CPU.ActiveCfg = Debug|Any CPU
		{495A6ED0-F52F-4D4E-82E1-71C9A2313575}.Debug|Any CPU.Build.0 = Debug|Any CPU
		{495A6ED0-F52F-4D4E-82E1-71C9A2313575}.Release|Any CPU.ActiveCfg = Release|Any CPU
		{495A6ED0-F52F-4D4E-82E1-71C9A2313575}.Release|Any CPU.Build.0 = Release|Any CPU
		{C4E96F0C-F722-45F3-A7A0-149C43751D13}.Debug|Any CPU.ActiveCfg = Debug|Any CPU
		{C4E96F0C-F722-45F3-A7A0-149C43751D13}.Debug|Any CPU.Build.0 = Debug|Any CPU
		{C4E96F0C-F722-45F3-A7A0-149C43751D13}.Release|Any CPU.ActiveCfg = Release|Any CPU
		{C4E96F0C-F722-45F3-A7A0-149C43751D13}.Release|Any CPU.Build.0 = Release|Any CPU
		{BCA6C2B6-919F-4F04-B5A5-538FFC93DE20}.Debug|Any CPU.ActiveCfg = Debug|Any CPU
		{BCA6C2B6-919F-4F04-B5A5-538FFC93DE20}.Debug|Any CPU.Build.0 = Debug|Any CPU
		{BCA6C2B6-919F-4F04-B5A5-538FFC93DE20}.Release|Any CPU.ActiveCfg = Release|Any CPU
		{BCA6C2B6-919F-4F04-B5A5-538FFC93DE20}.Release|Any CPU.Build.0 = Release|Any CPU
		{F2E24593-2E2E-4C05-92E2-3D0164B61A49}.Debug|Any CPU.ActiveCfg = Debug|Any CPU
		{F2E24593-2E2E-4C05-92E2-3D0164B61A49}.Debug|Any CPU.Build.0 = Debug|Any CPU
		{F2E24593-2E2E-4C05-92E2-3D0164B61A49}.Release|Any CPU.ActiveCfg = Release|Any CPU
		{F2E24593-2E2E-4C05-92E2-3D0164B61A49}.Release|Any CPU.Build.0 = Release|Any CPU
		{F2EB9352-939D-4427-9C60-E69772CDFF41}.Debug|Any CPU.ActiveCfg = Debug|Any CPU
		{F2EB9352-939D-4427-9C60-E69772CDFF41}.Debug|Any CPU.Build.0 = Debug|Any CPU
		{F2EB9352-939D-4427-9C60-E69772CDFF41}.Release|Any CPU.ActiveCfg = Release|Any CPU
		{F2EB9352-939D-4427-9C60-E69772CDFF41}.Release|Any CPU.Build.0 = Release|Any CPU
		{669D7DE2-4DFD-405D-8C5B-CF9F1FC5C052}.Debug|Any CPU.ActiveCfg = Debug|Any CPU
		{669D7DE2-4DFD-405D-8C5B-CF9F1FC5C052}.Debug|Any CPU.Build.0 = Debug|Any CPU
		{669D7DE2-4DFD-405D-8C5B-CF9F1FC5C052}.Release|Any CPU.ActiveCfg = Release|Any CPU
		{669D7DE2-4DFD-405D-8C5B-CF9F1FC5C052}.Release|Any CPU.Build.0 = Release|Any CPU
	EndGlobalSection
	GlobalSection(SolutionProperties) = preSolution
		HideSolutionNode = FALSE
	EndGlobalSection
	GlobalSection(NestedProjects) = preSolution
		{3E2A521B-0429-49B7-ADAB-411E25434BAD} = {FAF2861E-5010-4AE1-92F2-7FD117564150}
		{7B37BC5B-4A04-466C-8F56-20236F43FFFA} = {FAF2861E-5010-4AE1-92F2-7FD117564150}
		{0B8D3A0E-8F8A-498C-A620-86BBAF916AA7} = {FAF2861E-5010-4AE1-92F2-7FD117564150}
		{9B295A06-D56A-446A-9B78-8D973E08D6DC} = {FAF2861E-5010-4AE1-92F2-7FD117564150}
		{C3F7A1E7-071F-4F90-8961-C39A96A11C42} = {FAF2861E-5010-4AE1-92F2-7FD117564150}
		{3EDC1FF4-BFD0-4B27-ADDA-3109B831AAD0} = {87FCEDEE-7CC0-4E97-A56B-12AD9AB8FD0D}
		{32331EE8-6CBE-4DCA-8987-5C20D1B618A3} = {87FCEDEE-7CC0-4E97-A56B-12AD9AB8FD0D}
		{C33C36F6-4718-4785-A10C-9C588036B680} = {87FCEDEE-7CC0-4E97-A56B-12AD9AB8FD0D}
		{9A40C81E-ABCB-4301-88B8-482300812AF6} = {87FCEDEE-7CC0-4E97-A56B-12AD9AB8FD0D}
		{DF5B56C3-8710-4632-86D4-0F96B4A3D954} = {87FCEDEE-7CC0-4E97-A56B-12AD9AB8FD0D}
		{21BF95AF-DAC9-45D6-A460-700996C9FC0E} = {E3F373DC-CDD7-48E6-967E-6EB29B653BFF}
		{99D03AC7-DD8E-4E43-B74A-D90A0218C609} = {E3F373DC-CDD7-48E6-967E-6EB29B653BFF}
		{066F226C-9ADE-4C93-B2A7-773ECB1EBBAE} = {E3F373DC-CDD7-48E6-967E-6EB29B653BFF}
		{495A6ED0-F52F-4D4E-82E1-71C9A2313575} = {E3F373DC-CDD7-48E6-967E-6EB29B653BFF}
		{C4E96F0C-F722-45F3-A7A0-149C43751D13} = {7CDB6B9A-2696-4745-BFDD-24F78DD9C057}
		{BCA6C2B6-919F-4F04-B5A5-538FFC93DE20} = {7CDB6B9A-2696-4745-BFDD-24F78DD9C057}
		{F2E24593-2E2E-4C05-92E2-3D0164B61A49} = {7CDB6B9A-2696-4745-BFDD-24F78DD9C057}
		{F2EB9352-939D-4427-9C60-E69772CDFF41} = {7CDB6B9A-2696-4745-BFDD-24F78DD9C057}
		{669D7DE2-4DFD-405D-8C5B-CF9F1FC5C052} = {23AF4F23-B5B0-4C11-8ED9-D9584867D01F}
	EndGlobalSection
	GlobalSection(ExtensibilityGlobals) = postSolution
		SolutionGuid = {C220DF96-9AF7-4D91-9F01-8CCDF5EAAA91}
	EndGlobalSection
EndGlobal
